
Microsoft Visual Studio Solution File, Format Version 12.00
# Visual Studio Version 16
VisualStudioVersion = 16.0.29215.179
MinimumVisualStudioVersion = 10.0.40219.1
Project("{FAE04EC0-301F-11D3-BF4B-00C04F79EFBC}") = "Entidades", "Entidades\Entidades.csproj", "{58AE67DE-A575-44D1-BD40-8D1B859530F3}"
EndProject
Project("{FAE04EC0-301F-11D3-BF4B-00C04F79EFBC}") = "MainCorreo", "MainCorreo\MainCorreo.csproj", "{6EE1C711-1781-4BDD-848D-D4A833648033}"
EndProject
Project("{FAE04EC0-301F-11D3-BF4B-00C04F79EFBC}") = "TestUnitario", "TestUnitario\TestUnitario.csproj", "{34A6D172-2F56-4F66-856D-6F4AC4BAD35C}"
EndProject
Global
	GlobalSection(SolutionConfigurationPlatforms) = preSolution
		Debug|Any CPU = Debug|Any CPU
		Release|Any CPU = Release|Any CPU
	EndGlobalSection
	GlobalSection(ProjectConfigurationPlatforms) = postSolution
		{58AE67DE-A575-44D1-BD40-8D1B859530F3}.Debug|Any CPU.ActiveCfg = Debug|Any CPU
		{58AE67DE-A575-44D1-BD40-8D1B859530F3}.Debug|Any CPU.Build.0 = Debug|Any CPU
		{58AE67DE-A575-44D1-BD40-8D1B859530F3}.Release|Any CPU.ActiveCfg = Release|Any CPU
		{58AE67DE-A575-44D1-BD40-8D1B859530F3}.Release|Any CPU.Build.0 = Release|Any CPU
		{6EE1C711-1781-4BDD-848D-D4A833648033}.Debug|Any CPU.ActiveCfg = Debug|Any CPU
		{6EE1C711-1781-4BDD-848D-D4A833648033}.Debug|Any CPU.Build.0 = Debug|Any CPU
		{6EE1C711-1781-4BDD-848D-D4A833648033}.Release|Any CPU.ActiveCfg = Release|Any CPU
		{6EE1C711-1781-4BDD-848D-D4A833648033}.Release|Any CPU.Build.0 = Release|Any CPU
		{34A6D172-2F56-4F66-856D-6F4AC4BAD35C}.Debug|Any CPU.ActiveCfg = Debug|Any CPU
		{34A6D172-2F56-4F66-856D-6F4AC4BAD35C}.Debug|Any CPU.Build.0 = Debug|Any CPU
		{34A6D172-2F56-4F66-856D-6F4AC4BAD35C}.Release|Any CPU.ActiveCfg = Release|Any CPU
		{34A6D172-2F56-4F66-856D-6F4AC4BAD35C}.Release|Any CPU.Build.0 = Release|Any CPU
	EndGlobalSection
	GlobalSection(SolutionProperties) = preSolution
		HideSolutionNode = FALSE
	EndGlobalSection
	GlobalSection(ExtensibilityGlobals) = postSolution
		SolutionGuid = {19013CD8-4D49-47DD-913D-F71974B96A66}
	EndGlobalSection
EndGlobal
